
Microsoft Visual Studio Solution File, Format Version 12.00
# Visual Studio Version 16
VisualStudioVersion = 16.0.30907.101
MinimumVisualStudioVersion = 10.0.40219.1
Project("{9A19103F-16F7-4668-BE54-9A1E7A4F7556}") = "Schedule", "Schedule\Schedule.csproj", "{B24D999E-1429-4733-A181-8FAE3B6DF2B9}"
EndProject
Project("{FAE04EC0-301F-11D3-BF4B-00C04F79EFBC}") = "ScheduleAcceptanceTests", "ScheduleAcceptanceTests\ScheduleAcceptanceTests.csproj", "{33D01690-6A60-4EFA-9766-BAF511236401}"
EndProject
Global
	GlobalSection(SolutionConfigurationPlatforms) = preSolution
		Debug|Any CPU = Debug|Any CPU
		Release|Any CPU = Release|Any CPU
	EndGlobalSection
	GlobalSection(ProjectConfigurationPlatforms) = postSolution
		{B24D999E-1429-4733-A181-8FAE3B6DF2B9}.Debug|Any CPU.ActiveCfg = Debug|Any CPU
		{B24D999E-1429-4733-A181-8FAE3B6DF2B9}.Debug|Any CPU.Build.0 = Debug|Any CPU
		{B24D999E-1429-4733-A181-8FAE3B6DF2B9}.Release|Any CPU.ActiveCfg = Release|Any CPU
		{B24D999E-1429-4733-A181-8FAE3B6DF2B9}.Release|Any CPU.Build.0 = Release|Any CPU
		{33D01690-6A60-4EFA-9766-BAF511236401}.Debug|Any CPU.ActiveCfg = Debug|Any CPU
		{33D01690-6A60-4EFA-9766-BAF511236401}.Debug|Any CPU.Build.0 = Debug|Any CPU
		{33D01690-6A60-4EFA-9766-BAF511236401}.Release|Any CPU.ActiveCfg = Release|Any CPU
		{33D01690-6A60-4EFA-9766-BAF511236401}.Release|Any CPU.Build.0 = Release|Any CPU
	EndGlobalSection
	GlobalSection(SolutionProperties) = preSolution
		HideSolutionNode = FALSE
	EndGlobalSection
	GlobalSection(ExtensibilityGlobals) = postSolution
		SolutionGuid = {2A2A17B5-C6D9-41E4-B5F1-C1503DE2E239}
	EndGlobalSection
EndGlobal
